
Microsoft Visual Studio Solution File, Format Version 12.00
# Visual Studio Version 17
VisualStudioVersion = 17.4.33103.184
MinimumVisualStudioVersion = 10.0.40219.1
Project("{FAE04EC0-301F-11D3-BF4B-00C04F79EFBC}") = "InventoryControl", "InventoryControl\InventoryControl.csproj", "{4F3E79EA-F7CA-4ECD-986F-297D65767514}"
EndProject
Global
	GlobalSection(SolutionConfigurationPlatforms) = preSolution
		Debug|Any CPU = Debug|Any CPU
		Release|Any CPU = Release|Any CPU
	EndGlobalSection
	GlobalSection(ProjectConfigurationPlatforms) = postSolution
		{4F3E79EA-F7CA-4ECD-986F-297D65767514}.Debug|Any CPU.ActiveCfg = Debug|Any CPU
		{4F3E79EA-F7CA-4ECD-986F-297D65767514}.Debug|Any CPU.Build.0 = Debug|Any CPU
		{4F3E79EA-F7CA-4ECD-986F-297D65767514}.Release|Any CPU.ActiveCfg = Release|Any CPU
		{4F3E79EA-F7CA-4ECD-986F-297D65767514}.Release|Any CPU.Build.0 = Release|Any CPU
	EndGlobalSection
	GlobalSection(SolutionProperties) = preSolution
		HideSolutionNode = FALSE
	EndGlobalSection
	GlobalSection(ExtensibilityGlobals) = postSolution
		SolutionGuid = {003687F3-6CC4-4F20-BDBF-CA05B57A3EC2}
	EndGlobalSection
EndGlobal
